dependencies:
  espressif/cjson:
    component_hash: e788323270d90738662d66fffa910bfe1fba019bba087f01557e70c40485b469
    dependencies:
    - name: idf
      require: private
      version: '>=5.0'
    source:
      registry_url: https://components.espressif.com/
      type: service
    version: 1.7.19~2
  espressif/mdns:
    component_hash: e81ca7a7f53ea34e78274df054da692c272e1315572876b237b1748e267c013b
    dependencies:
    - name: idf
      require: private
      version: '>=5.0'
    source:
      registry_url: https://components.espressif.com/
      type: service
    version: 1.11.3
  espressif/mqtt:
    component_hash: fb18bc3b65aa8c94693a9811ffc322cca8a65d92d5ec84983d3e385080e3969c
    dependencies:
    - name: idf
      require: private
      version: '>=5.3'
    source:
      registry_url: https://components.espressif.com/
      type: service
    version: 1.1.0
  idf:
    source:
      type: idf
    version: 6.0.1
direct_dependencies:
- espressif/cjson
- espressif/mdns
- espressif/mqtt
manifest_hash: 508410fb5ea2c774de672d19bdb8cad7e8fceacd1ae80a9572d07a1e02d03ea8
target: esp32c3
version: 2.0.0
